
Microsoft Visual Studio Solution File, Format Version 12.00
# Visual Studio Version 16
VisualStudioVersion = 16.0.29806.167
MinimumVisualStudioVersion = 10.0.40219.1
Project("{2150E333-8FDC-42A3-9474-1A3956D46DE8}") = "1 - Domain", "1 - Domain", "{58C9688B-4A05-46AB-B996-81C126BBFFE9}"
EndProject
Project("{2150E333-8FDC-42A3-9474-1A3956D46DE8}") = "2 - Infra", "2 - Infra", "{6BC8379C-C3D5-408B-85F5-5E31C797DEF6}"
EndProject
Project("{9A19103F-16F7-4668-BE54-9A1E7A4F7556}") = "Facilidata.FaciloHosp.Infra.Data", "src\Facilidata.FaciloHosp.Infra.Data\Facilidata.FaciloHosp.Infra.Data.csproj", "{523DECCD-6451-4B6E-98A3-2FB72A4B155D}"
EndProject
Project("{9A19103F-16F7-4668-BE54-9A1E7A4F7556}") = "Facilidata.FaciliHosp.Domain", "src\Facilidata.FaciliHosp.Domain\Facilidata.FaciliHosp.Domain.csproj", "{4447D1C7-3650-4D40-9823-7511B28254A2}"
EndProject
Project("{2150E333-8FDC-42A3-9474-1A3956D46DE8}") = "4 - Services", "4 - Services", "{86959B5B-D7DE-4B6A-8114-8591D8E421E6}"
EndProject
Project("{2150E333-8FDC-42A3-9474-1A3956D46DE8}") = "3 - Application", "3 - Application", "{BEC834FD-8AAD-4C45-87F5-93D117525514}"
EndProject
Project("{9A19103F-16F7-4668-BE54-9A1E7A4F7556}") = "Facilidata.FaciliHosp.Infra.Identity", "src\Facilidata.FaciliHosp.Infra.Identity\Facilidata.FaciliHosp.Infra.Identity.csproj", "{89DF0256-F087-4B1A-A832-5CB5ABE6351E}"
EndProject
Project("{2150E333-8FDC-42A3-9474-1A3956D46DE8}") = "5 - Presentation", "5 - Presentation", "{1D10363B-D0A1-48DB-9A4A-F08787C2D073}"
EndProject
Project("{9A19103F-16F7-4668-BE54-9A1E7A4F7556}") = "Facilidata.FaciliHosp.Presentation.Site", "src\Facilidata.FaciliHosp.Presentation.Site\Facilidata.FaciliHosp.Presentation.Site.csproj", "{0C3EA607-50C9-49ED-9404-CD2B2B315716}"
EndProject
Project("{9A19103F-16F7-4668-BE54-9A1E7A4F7556}") = "Facilidata.FaciliHosp.Infra.IoC", "src\Facilidata.FaciliHosp.Infra.IoC\Facilidata.FaciliHosp.Infra.IoC.csproj", "{99519C46-5A59-4D88-BE5F-6072E0C0B773}"
EndProject
Project("{9A19103F-16F7-4668-BE54-9A1E7A4F7556}") = "Facilidata.FaciliHosp.Application", "src\Faacilidata.FaciliHosp.Application\Facilidata.FaciliHosp.Application.csproj", "{03B859D0-FC92-4558-80C7-A5DEABC96906}"
EndProject
Project("{9A19103F-16F7-4668-BE54-9A1E7A4F7556}") = "Facilidata.FaciliHosp.Presentation.Blazor.Client", "src\Facilidata.FaciliHosp.Presentation.Blazor.Client\Facilidata.FaciliHosp.Presentation.Blazor.Client.csproj", "{DFEA16A7-2397-44BE-B1A1-DDA0E8B5DA7D}"
EndProject
Project("{9A19103F-16F7-4668-BE54-9A1E7A4F7556}") = "Facilidata.FaciliHosp.Services.Api", "src\Facilidata.FaciliHosp.Services.Api\Facilidata.FaciliHosp.Services.Api.csproj", "{94BAC7CF-8DAF-4CFE-9979-8533C337D0CC}"
EndProject
Global
	GlobalSection(SolutionConfigurationPlatforms) = preSolution
		Debug|Any CPU = Debug|Any CPU
		Release|Any CPU = Release|Any CPU
	EndGlobalSection
	GlobalSection(ProjectConfigurationPlatforms) = postSolution
		{523DECCD-6451-4B6E-98A3-2FB72A4B155D}.Debug|Any CPU.ActiveCfg = Debug|Any CPU
		{523DECCD-6451-4B6E-98A3-2FB72A4B155D}.Debug|Any CPU.Build.0 = Debug|Any CPU
		{523DECCD-6451-4B6E-98A3-2FB72A4B155D}.Release|Any CPU.ActiveCfg = Release|Any CPU
		{523DECCD-6451-4B6E-98A3-2FB72A4B155D}.Release|Any CPU.Build.0 = Release|Any CPU
		{4447D1C7-3650-4D40-9823-7511B28254A2}.Debug|Any CPU.ActiveCfg = Debug|Any CPU
		{4447D1C7-3650-4D40-9823-7511B28254A2}.Debug|Any CPU.Build.0 = Debug|Any CPU
		{4447D1C7-3650-4D40-9823-7511B28254A2}.Release|Any CPU.ActiveCfg = Release|Any CPU
		{4447D1C7-3650-4D40-9823-7511B28254A2}.Release|Any CPU.Build.0 = Release|Any CPU
		{89DF0256-F087-4B1A-A832-5CB5ABE6351E}.Debug|Any CPU.ActiveCfg = Debug|Any CPU
		{89DF0256-F087-4B1A-A832-5CB5ABE6351E}.Debug|Any CPU.Build.0 = Debug|Any CPU
		{89DF0256-F087-4B1A-A832-5CB5ABE6351E}.Release|Any CPU.ActiveCfg = Release|Any CPU
		{89DF0256-F087-4B1A-A832-5CB5ABE6351E}.Release|Any CPU.Build.0 = Release|Any CPU
		{0C3EA607-50C9-49ED-9404-CD2B2B315716}.Debug|Any CPU.ActiveCfg = Debug|Any CPU
		{0C3EA607-50C9-49ED-9404-CD2B2B315716}.Debug|Any CPU.Build.0 = Debug|Any CPU
		{0C3EA607-50C9-49ED-9404-CD2B2B315716}.Release|Any CPU.ActiveCfg = Release|Any CPU
		{0C3EA607-50C9-49ED-9404-CD2B2B315716}.Release|Any CPU.Build.0 = Release|Any CPU
		{99519C46-5A59-4D88-BE5F-6072E0C0B773}.Debug|Any CPU.ActiveCfg = Debug|Any CPU
		{99519C46-5A59-4D88-BE5F-6072E0C0B773}.Debug|Any CPU.Build.0 = Debug|Any CPU
		{99519C46-5A59-4D88-BE5F-6072E0C0B773}.Release|Any CPU.ActiveCfg = Release|Any CPU
		{99519C46-5A59-4D88-BE5F-6072E0C0B773}.Release|Any CPU.Build.0 = Release|Any CPU
		{03B859D0-FC92-4558-80C7-A5DEABC96906}.Debug|Any CPU.ActiveCfg = Debug|Any CPU
		{03B859D0-FC92-4558-80C7-A5DEABC96906}.Debug|Any CPU.Build.0 = Debug|Any CPU
		{03B859D0-FC92-4558-80C7-A5DEABC96906}.Release|Any CPU.ActiveCfg = Release|Any CPU
		{03B859D0-FC92-4558-80C7-A5DEABC96906}.Release|Any CPU.Build.0 = Release|Any CPU
		{DFEA16A7-2397-44BE-B1A1-DDA0E8B5DA7D}.Debug|Any CPU.ActiveCfg = Debug|Any CPU
		{DFEA16A7-2397-44BE-B1A1-DDA0E8B5DA7D}.Debug|Any CPU.Build.0 = Debug|Any CPU
		{DFEA16A7-2397-44BE-B1A1-DDA0E8B5DA7D}.Release|Any CPU.ActiveCfg = Release|Any CPU
		{DFEA16A7-2397-44BE-B1A1-DDA0E8B5DA7D}.Release|Any CPU.Build.0 = Release|Any CPU
		{94BAC7CF-8DAF-4CFE-9979-8533C337D0CC}.Debug|Any CPU.ActiveCfg = Debug|Any CPU
		{94BAC7CF-8DAF-4CFE-9979-8533C337D0CC}.Debug|Any CPU.Build.0 = Debug|Any CPU
		{94BAC7CF-8DAF-4CFE-9979-8533C337D0CC}.Release|Any CPU.ActiveCfg = Release|Any CPU
		{94BAC7CF-8DAF-4CFE-9979-8533C337D0CC}.Release|Any CPU.Build.0 = Release|Any CPU
	EndGlobalSection
	GlobalSection(SolutionProperties) = preSolution
		HideSolutionNode = FALSE
	EndGlobalSection
	GlobalSection(NestedProjects) = preSolution
		{523DECCD-6451-4B6E-98A3-2FB72A4B155D} = {6BC8379C-C3D5-408B-85F5-5E31C797DEF6}
		{4447D1C7-3650-4D40-9823-7511B28254A2} = {58C9688B-4A05-46AB-B996-81C126BBFFE9}
		{89DF0256-F087-4B1A-A832-5CB5ABE6351E} = {6BC8379C-C3D5-408B-85F5-5E31C797DEF6}
		{0C3EA607-50C9-49ED-9404-CD2B2B315716} = {1D10363B-D0A1-48DB-9A4A-F08787C2D073}
		{99519C46-5A59-4D88-BE5F-6072E0C0B773} = {6BC8379C-C3D5-408B-85F5-5E31C797DEF6}
		{03B859D0-FC92-4558-80C7-A5DEABC96906} = {BEC834FD-8AAD-4C45-87F5-93D117525514}
		{DFEA16A7-2397-44BE-B1A1-DDA0E8B5DA7D} = {1D10363B-D0A1-48DB-9A4A-F08787C2D073}
		{94BAC7CF-8DAF-4CFE-9979-8533C337D0CC} = {86959B5B-D7DE-4B6A-8114-8591D8E421E6}
	EndGlobalSection
	GlobalSection(ExtensibilityGlobals) = postSolution
		SolutionGuid = {603A7163-B0BE-4F4D-ADE8-58C60FC426A5}
	EndGlobalSection
EndGlobal
